{
  "nodes": {
    "nixer": {
      "inputs": {
        "privateNixPkgs": "privateNixPkgs"
      },
      "locked": {
        "lastModified": 0,
        "narHash": "sha256-cMcEKNFG/YvICszJZliwMT1w1p/5KXwGTiKWtuCAwHg=",
        "path": "/nix/store/zv00cbckjsrgm2iq3vgzachh23m7vag3-source",
        "type": "path"
      },
      "original": {
        "path": "/nix/store/zv00cbckjsrgm2iq3vgzachh23m7vag3-source",
        "type": "path"
      }
    },
    "nixpkgs": {
      "locked": {
        "lastModified": 1744463964,
        "narHash": "sha256-LWqduOgLHCFxiTNYi3Uj5Lgz0SR+Xhw3kr/3Xd0GPTM=",
        "owner": "NixOS",
        "repo": "nixpkgs",
        "rev": "2631b0b7abcea6e640ce31cd78ea58910d31e650",
        "type": "github"
      },
      "original": {
        "owner": "NixOS",
        "ref": "nixos-unstable",
        "repo": "nixpkgs",
        "type": "github"
      }
    },
    "privateNixPkgs": {
      "locked": {
        "lastModified": 1744463964,
        "narHash": "sha256-LWqduOgLHCFxiTNYi3Uj5Lgz0SR+Xhw3kr/3Xd0GPTM=",
        "owner": "nixOS",
        "repo": "nixpkgs",
        "rev": "2631b0b7abcea6e640ce31cd78ea58910d31e650",
        "type": "github"
      },
      "original": {
        "owner": "nixOS",
        "ref": "nixos-unstable",
        "repo": "nixpkgs",
        "type": "github"
      }
    },
    "root": {
      "inputs": {
        "nixer": "nixer",
        "nixpkgs": "nixpkgs"
      }
    }
  },
  "root": "root",
  "version": 7
}
